// !$*UTF8*$!
{
	archiveVersion = 1;
	classes = {
	};
	objectVersion = 55;
	objects = {

/* Begin PBXBuildFile section */
		5F2061D8289BE847006FD1A7 /* NarutoSignsApp.swift in Sources */ = {isa = PBXBuildFile; fileRef = 5F2061D7289BE847006FD1A7 /* NarutoSignsApp.swift */; };
		5F2061DA289BE847006FD1A7 /* MainView.swift in Sources */ = {isa = PBXBuildFile; fileRef = 5F2061D9289BE847006FD1A7 /* MainView.swift */; };
		5F2061DC289BE84B006FD1A7 /* Assets.xcassets in Resources */ = {isa = PBXBuildFile; fileRef = 5F2061DB289BE84B006FD1A7 /* Assets.xcassets */; };
		5F2061DF289BE84B006FD1A7 /* Preview Assets.xcassets in Resources */ = {isa = PBXBuildFile; fileRef = 5F2061DE289BE84B006FD1A7 /* Preview Assets.xcassets */; };
		5F2061E7289BF947006FD1A7 /* SceneDelegate.swift in Sources */ = {isa = PBXBuildFile; fileRef = 5F2061E6289BF947006FD1A7 /* SceneDelegate.swift */; };
		5F2061E9289BF9CB006FD1A7 /* MainController.swift in Sources */ = {isa = PBXBuildFile; fileRef = 5F2061E8289BF9CB006FD1A7 /* MainController.swift */; };
		5F81B43128ABD34600881FC4 /* Ninja-Naruto.ttf in Resources */ = {isa = PBXBuildFile; fileRef = 5F81B42F28ABCBBF00881FC4 /* Ninja-Naruto.ttf */; };
		5FE6A70328AA87460068BF73 /* NarutoSigns.mlmodel in Sources */ = {isa = PBXBuildFile; fileRef = 5FE6A70228AA87460068BF73 /* NarutoSigns.mlmodel */; };
		5FE6A70628AA91500068BF73 /* CameraView.swift in Sources */ = {isa = PBXBuildFile; fileRef = 5FE6A70528AA91500068BF73 /* CameraView.swift */; };
		5FE6A70828ABB6420068BF73 /* HandsignModel.swift in Sources */ = {isa = PBXBuildFile; fileRef = 5FE6A70728ABB6420068BF73 /* HandsignModel.swift */; };
		5FE6A70A28ABC12A0068BF73 /* HandsignManager.swift in Sources */ = {isa = PBXBuildFile; fileRef = 5FE6A70928ABC12A0068BF73 /* HandsignManager.swift */; };
/* End PBXBuildFile section */

/* Begin PBXFileReference section */
		5F2061D4289BE847006FD1A7 /* NarutoSigns.app */ = {isa = PBXFileReference; explicitFileType = wrapper.application; includeInIndex = 0; path = NarutoSigns.app; sourceTree = BUILT_PRODUCTS_DIR; };
		5F2061D7289BE847006FD1A7 /* NarutoSignsApp.swift */ = {isa = PBXFileReference; lastKnownFileType = sourcecode.swift; path = NarutoSignsApp.swift; sourceTree = "<group>"; };
		5F2061D9289BE847006FD1A7 /* MainView.swift */ = {isa = PBXFileReference; lastKnownFileType = sourcecode.swift; path = MainView.swift; sourceTree = "<group>"; };
		5F2061DB289BE84B006FD1A7 /* Assets.xcassets */ = {isa = PBXFileReference; lastKnownFileType = folder.assetcatalog; path = Assets.xcassets; sourceTree = "<group>"; };
		5F2061DE289BE84B006FD1A7 /* Preview Assets.xcassets */ = {isa = PBXFileReference; lastKnownFileType = folder.assetcatalog; path = "Preview Assets.xcassets"; sourceTree = "<group>"; };
		5F2061E5289BF481006FD1A7 /* Info.plist */ = {isa = PBXFileReference; lastKnownFileType = text.plist; path = Info.plist; sourceTree = "<group>"; };
		5F2061E6289BF947006FD1A7 /* SceneDelegate.swift */ = {isa = PBXFileReference; lastKnownFileType = sourcecode.swift; path = SceneDelegate.swift; sourceTree = "<group>"; };
		5F2061E8289BF9CB006FD1A7 /* MainController.swift */ = {isa = PBXFileReference; lastKnownFileType = sourcecode.swift; path = MainController.swift; sourceTree = "<group>"; };
		5F81B42F28ABCBBF00881FC4 /* Ninja-Naruto.ttf */ = {isa = PBXFileReference; lastKnownFileType = file; path = "Ninja-Naruto.ttf"; sourceTree = "<group>"; };
		5FE6A70228AA87460068BF73 /* NarutoSigns.mlmodel */ = {isa = PBXFileReference; lastKnownFileType = file.mlmodel; path = NarutoSigns.mlmodel; sourceTree = "<group>"; };
		5FE6A70528AA91500068BF73 /* CameraView.swift */ = {isa = PBXFileReference; lastKnownFileType = sourcecode.swift; path = CameraView.swift; sourceTree = "<group>"; };
		5FE6A70728ABB6420068BF73 /* HandsignModel.swift */ = {isa = PBXFileReference; lastKnownFileType = sourcecode.swift; path = HandsignModel.swift; sourceTree = "<group>"; };
		5FE6A70928ABC12A0068BF73 /* HandsignManager.swift */ = {isa = PBXFileReference; lastKnownFileType = sourcecode.swift; path = HandsignManager.swift; sourceTree = "<group>"; };
/* End PBXFileReference section */

/* Begin PBXFrameworksBuildPhase section */
		5F2061D1289BE847006FD1A7 /* Frameworks */ = {
			isa = PBXFrameworksBuildPhase;
			buildActionMask = 2147483647;
			files = (
			);
			runOnlyForDeploymentPostprocessing = 0;
		};
/* End PBXFrameworksBuildPhase section */

/* Begin PBXGroup section */
		5F2061CB289BE847006FD1A7 = {
			isa = PBXGroup;
			children = (
				5F2061D6289BE847006FD1A7 /* NarutoSigns */,
				5F2061D5289BE847006FD1A7 /* Products */,
			);
			sourceTree = "<group>";
		};
		5F2061D5289BE847006FD1A7 /* Products */ = {
			isa = PBXGroup;
			children = (
				5F2061D4289BE847006FD1A7 /* NarutoSigns.app */,
			);
			name = Products;
			sourceTree = "<group>";
		};
		5F2061D6289BE847006FD1A7 /* NarutoSigns */ = {
			isa = PBXGroup;
			children = (
				5FE6A70C28ABC9930068BF73 /* Resources */,
				5FE6A70428AA913C0068BF73 /* Views */,
				5F2061E5289BF481006FD1A7 /* Info.plist */,
				5F2061D7289BE847006FD1A7 /* NarutoSignsApp.swift */,
				5F2061DB289BE84B006FD1A7 /* Assets.xcassets */,
				5F2061DD289BE84B006FD1A7 /* Preview Content */,
				5F2061E6289BF947006FD1A7 /* SceneDelegate.swift */,
				5F2061E8289BF9CB006FD1A7 /* MainController.swift */,
				5FE6A70228AA87460068BF73 /* NarutoSigns.mlmodel */,
				5FE6A70728ABB6420068BF73 /* HandsignModel.swift */,
				5FE6A70928ABC12A0068BF73 /* HandsignManager.swift */,
			);
			path = NarutoSigns;
			sourceTree = "<group>";
		};
		5F2061DD289BE84B006FD1A7 /* Preview Content */ = {
			isa = PBXGroup;
			children = (
				5F2061DE289BE84B006FD1A7 /* Preview Assets.xcassets */,
			);
			path = "Preview Content";
			sourceTree = "<group>";
		};
		5FE6A70428AA913C0068BF73 /* Views */ = {
			isa = PBXGroup;
			children = (
				5F2061D9289BE847006FD1A7 /* MainView.swift */,
				5FE6A70528AA91500068BF73 /* CameraView.swift */,
			);
			path = Views;
			sourceTree = "<group>";
		};
		5FE6A70C28ABC9930068BF73 /* Resources */ = {
			isa = PBXGroup;
			children = (
				5F81B42F28ABCBBF00881FC4 /* Ninja-Naruto.ttf */,
			);
			path = Resources;
			sourceTree = "<group>";
		};
/* End PBXGroup section */

/* Begin PBXNativeTarget section */
		5F2061D3289BE847006FD1A7 /* NarutoSigns */ = {
			isa = PBXNativeTarget;
			buildConfigurationList = 5F2061E2289BE84B006FD1A7 /* Build configuration list for PBXNativeTarget "NarutoSigns" */;
			buildPhases = (
				5F2061D0289BE847006FD1A7 /* Sources */,
				5F2061D1289BE847006FD1A7 /* Frameworks */,
				5F2061D2289BE847006FD1A7 /* Resources */,
			);
			buildRules = (
			);
			dependencies = (
			);
			name = NarutoSigns;
			productName = NarutoSigns;
			productReference = 5F2061D4289BE847006FD1A7 /* NarutoSigns.app */;
			productType = "com.apple.product-type.application";
		};
/* End PBXNativeTarget section */

/* Begin PBXProject section */
		5F2061CC289BE847006FD1A7 /* Project object */ = {
			isa = PBXProject;
			attributes = {
				BuildIndependentTargetsInParallel = 1;
				LastSwiftUpdateCheck = 1340;
				LastUpgradeCheck = 1340;
				TargetAttributes = {
					5F2061D3289BE847006FD1A7 = {
						CreatedOnToolsVersion = 13.4.1;
					};
				};
			};
			buildConfigurationList = 5F2061CF289BE847006FD1A7 /* Build configuration list for PBXProject "NarutoSigns" */;
			compatibilityVersion = "Xcode 13.0";
			developmentRegion = en;
			hasScannedForEncodings = 0;
			knownRegions = (
				en,
				Base,
			);
			mainGroup = 5F2061CB289BE847006FD1A7;
			productRefGroup = 5F2061D5289BE847006FD1A7 /* Products */;
			projectDirPath = "";
			projectRoot = "";
			targets = (
				5F2061D3289BE847006FD1A7 /* NarutoSigns */,
			);
		};
/* End PBXProject section */

/* Begin PBXResourcesBuildPhase section */
		5F2061D2289BE847006FD1A7 /* Resources */ = {
			isa = PBXResourcesBuildPhase;
			buildActionMask = 2147483647;
			files = (
				5F81B43128ABD34600881FC4 /* Ninja-Naruto.ttf in Resources */,
				5F2061DF289BE84B006FD1A7 /* Preview Assets.xcassets in Resources */,
				5F2061DC289BE84B006FD1A7 /* Assets.xcassets in Resources */,
			);
			runOnlyForDeploymentPostprocessing = 0;
		};
/* End PBXResourcesBuildPhase section */

/* Begin PBXSourcesBuildPhase section */
		5F2061D0289BE847006FD1A7 /* Sources */ = {
			isa = PBXSourcesBuildPhase;
			buildActionMask = 2147483647;
			files = (
				5FE6A70828ABB6420068BF73 /* HandsignModel.swift in Sources */,
				5FE6A70328AA87460068BF73 /* NarutoSigns.mlmodel in Sources */,
				5F2061E9289BF9CB006FD1A7 /* MainController.swift in Sources */,
				5F2061DA289BE847006FD1A7 /* MainView.swift in Sources */,
				5FE6A70628AA91500068BF73 /* CameraView.swift in Sources */,
				5F2061D8289BE847006FD1A7 /* NarutoSignsApp.swift in Sources */,
				5F2061E7289BF947006FD1A7 /* SceneDelegate.swift in Sources */,
				5FE6A70A28ABC12A0068BF73 /* HandsignManager.swift in Sources */,
			);
			runOnlyForDeploymentPostprocessing = 0;
		};
/* End PBXSourcesBuildPhase section */

/* Begin XCBuildConfiguration section */
		5F2061E0289BE84B006FD1A7 /* Debug */ = {
			isa = XCBuildConfiguration;
			buildSettings = {
				ALWAYS_SEARCH_USER_PATHS = NO;
				CLANG_ANALYZER_NONNULL = YES;
				CLANG_ANALYZER_NUMBER_OBJECT_CONVERSION = YES_AGGRESSIVE;
				CLANG_CXX_LANGUAGE_STANDARD = "gnu++17";
				CLANG_ENABLE_MODULES = YES;
				CLANG_ENABLE_OBJC_ARC = YES;
				CLANG_ENABLE_OBJC_WEAK = YES;
				CLANG_WARN_BLOCK_CAPTURE_AUTORELEASING = YES;
				CLANG_WARN_BOOL_CONVERSION = YES;
				CLANG_WARN_COMMA = YES;
				CLANG_WARN_CONSTANT_CONVERSION = YES;
				CLANG_WARN_DEPRECATED_OBJC_IMPLEMENTATIONS = YES;
				CLANG_WARN_DIRECT_OBJC_ISA_USAGE = YES_ERROR;
				CLANG_WARN_DOCUMENTATION_COMMENTS = YES;
				CLANG_WARN_EMPTY_BODY = YES;
				CLANG_WARN_ENUM_CONVERSION = YES;
				CLANG_WARN_INFINITE_RECURSION = YES;
				CLANG_WARN_INT_CONVERSION = YES;
				CLANG_WARN_NON_LITERAL_NULL_CONVERSION = YES;
				CLANG_WARN_OBJC_IMPLICIT_RETAIN_SELF = YES;
				CLANG_WARN_OBJC_LITERAL_CONVERSION = YES;
				CLANG_WARN_OBJC_ROOT_CLASS = YES_ERROR;
				CLANG_WARN_QUOTED_INCLUDE_IN_FRAMEWORK_HEADER = YES;
				CLANG_WARN_RANGE_LOOP_ANALYSIS = YES;
				CLANG_WARN_STRICT_PROTOTYPES = YES;
				CLANG_WARN_SUSPICIOUS_MOVE = YES;
				CLANG_WARN_UNGUARDED_AVAILABILITY = YES_AGGRESSIVE;
				CLANG_WARN_UNREACHABLE_CODE = YES;
				CLANG_WARN__DUPLICATE_METHOD_MATCH = YES;
				COPY_PHASE_STRIP = NO;
				DEBUG_INFORMATION_FORMAT = dwarf;
				ENABLE_STRICT_OBJC_MSGSEND = YES;
				ENABLE_TESTABILITY = YES;
				GCC_C_LANGUAGE_STANDARD = gnu11;
				GCC_DYNAMIC_NO_PIC = NO;
				GCC_NO_COMMON_BLOCKS = YES;
				GCC_OPTIMIZATION_LEVEL = 0;
				GCC_PREPROCESSOR_DEFINITIONS = (
					"DEBUG=1",
					"$(inherited)",
				);
				GCC_WARN_64_TO_32_BIT_CONVERSION = YES;
				GCC_WARN_ABOUT_RETURN_TYPE = YES_ERROR;
				GCC_WARN_UNDECLARED_SELECTOR = YES;
				GCC_WARN_UNINITIALIZED_AUTOS = YES_AGGRESSIVE;
				GCC_WARN_UNUSED_FUNCTION = YES;
				GCC_WARN_UNUSED_VARIABLE = YES;
				IPHONEOS_DEPLOYMENT_TARGET = 15.5;
				MTL_ENABLE_DEBUG_INFO = INCLUDE_SOURCE;
				MTL_FAST_MATH = YES;
				ONLY_ACTIVE_ARCH = YES;
				SDKROOT = iphoneos;
				SWIFT_ACTIVE_COMPILATION_CONDITIONS = DEBUG;
				SWIFT_OPTIMIZATION_LEVEL = "-Onone";
			};
			name = Debug;
		};
		5F2061E1289BE84B006FD1A7 /* Release */ = {
			isa = XCBuildConfiguration;
			buildSettings = {
				ALWAYS_SEARCH_USER_PATHS = NO;
				CLANG_ANALYZER_NONNULL = YES;
				CLANG_ANALYZER_NUMBER_OBJECT_CONVERSION = YES_AGGRESSIVE;
				CLANG_CXX_LANGUAGE_STANDARD = "gnu++17";
				CLANG_ENABLE_MODULES = YES;
				CLANG_ENABLE_OBJC_ARC = YES;
				CLANG_ENABLE_OBJC_WEAK = YES;
				CLANG_WARN_BLOCK_CAPTURE_AUTORELEASING = YES;
				CLANG_WARN_BOOL_CONVERSION = YES;
				CLANG_WARN_COMMA = YES;
				CLANG_WARN_CONSTANT_CONVERSION = YES;
				CLANG_WARN_DEPRECATED_OBJC_IMPLEMENTATIONS = YES;
				CLANG_WARN_DIRECT_OBJC_ISA_USAGE = YES_ERROR;
				CLANG_WARN_DOCUMENTATION_COMMENTS = YES;
				CLANG_WARN_EMPTY_BODY = YES;
				CLANG_WARN_ENUM_CONVERSION = YES;
				CLANG_WARN_INFINITE_RECURSION = YES;
				CLANG_WARN_INT_CONVERSION = YES;
				CLANG_WARN_NON_LITERAL_NULL_CONVERSION = YES;
				CLANG_WARN_OBJC_IMPLICIT_RETAIN_SELF = YES;
				CLANG_WARN_OBJC_LITERAL_CONVERSION = YES;
				CLANG_WARN_OBJC_ROOT_CLASS = YES_ERROR;
				CLANG_WARN_QUOTED_INCLUDE_IN_FRAMEWORK_HEADER = YES;
				CLANG_WARN_RANGE_LOOP_ANALYSIS = YES;
				CLANG_WARN_STRICT_PROTOTYPES = YES;
				CLANG_WARN_SUSPICIOUS_MOVE = YES;
				CLANG_WARN_UNGUARDED_AVAILABILITY = YES_AGGRESSIVE;
				CLANG_WARN_UNREACHABLE_CODE = YES;
				CLANG_WARN__DUPLICATE_METHOD_MATCH = YES;
				COPY_PHASE_STRIP = NO;
				DEBUG_INFORMATION_FORMAT = "dwarf-with-dsym";
				ENABLE_NS_ASSERTIONS = NO;
				ENABLE_STRICT_OBJC_MSGSEND = YES;
				GCC_C_LANGUAGE_STANDARD = gnu11;
				GCC_NO_COMMON_BLOCKS = YES;
				GCC_WARN_64_TO_32_BIT_CONVERSION = YES;
				GCC_WARN_ABOUT_RETURN_TYPE = YES_ERROR;
				GCC_WARN_UNDECLARED_SELECTOR = YES;
				GCC_WARN_UNINITIALIZED_AUTOS = YES_AGGRESSIVE;
				GCC_WARN_UNUSED_FUNCTION = YES;
				GCC_WARN_UNUSED_VARIABLE = YES;
				IPHONEOS_DEPLOYMENT_TARGET = 15.5;
				MTL_ENABLE_DEBUG_INFO = NO;
				MTL_FAST_MATH = YES;
				SDKROOT = iphoneos;
				SWIFT_COMPILATION_MODE = wholemodule;
				SWIFT_OPTIMIZATION_LEVEL = "-O";
				VALIDATE_PRODUCT = YES;
			};
			name = Release;
		};
		5F2061E3289BE84B006FD1A7 /* Debug */ = {
			isa = XCBuildConfiguration;
			buildSettings = {
				ASSETCATALOG_COMPILER_APPICON_NAME = AppIcon;
				ASSETCATALOG_COMPILER_GLOBAL_ACCENT_COLOR_NAME = AccentColor;
				CODE_SIGN_STYLE = Automatic;
				CURRENT_PROJECT_VERSION = 1;
				DEVELOPMENT_ASSET_PATHS = "\"NarutoSigns/Preview Content\"";
				DEVELOPMENT_TEAM = 43LD5G2J6C;
				ENABLE_PREVIEWS = YES;
				GENERATE_INFOPLIST_FILE = YES;
				INFOPLIST_FILE = NarutoSigns/Info.plist;
				INFOPLIST_KEY_NSCameraUsageDescription = "NarutoSigns camera description.";
				INFOPLIST_KEY_UIApplicationSupportsIndirectInputEvents = YES;
				INFOPLIST_KEY_UILaunchScreen_Generation = YES;
				INFOPLIST_KEY_UISupportedInterfaceOrientations = "UIInterfaceOrientationLandscapeRight UIInterfaceOrientationLandscapeLeft";
				INFOPLIST_KEY_UISupportedInterfaceOrientations_iPad = "UIInterfaceOrientationPortrait UIInterfaceOrientationPortraitUpsideDown UIInterfaceOrientationLandscapeLeft UIInterfaceOrientationLandscapeRight";
				INFOPLIST_KEY_UISupportedInterfaceOrientations_iPhone = "UIInterfaceOrientationLandscapeLeft UIInterfaceOrientationLandscapeRight";
				LD_RUNPATH_SEARCH_PATHS = (
					"$(inherited)",
					"@executable_path/Frameworks",
				);
				MARKETING_VERSION = 1.0;
				PRODUCT_BUNDLE_IDENTIFIER = vitorjmoriya.NarutoSigns;
				PRODUCT_NAME = "$(TARGET_NAME)";
				SWIFT_EMIT_LOC_STRINGS = YES;
				SWIFT_VERSION = 5.0;
				TARGETED_DEVICE_FAMILY = "1,2";
			};
			name = Debug;
		};
		5F2061E4289BE84B006FD1A7 /* Release */ = {
			isa = XCBuildConfiguration;
			buildSettings = {
				ASSETCATALOG_COMPILER_APPICON_NAME = AppIcon;
				ASSETCATALOG_COMPILER_GLOBAL_ACCENT_COLOR_NAME = AccentColor;
				CODE_SIGN_STYLE = Automatic;
				CURRENT_PROJECT_VERSION = 1;
				DEVELOPMENT_ASSET_PATHS = "\"NarutoSigns/Preview Content\"";
				DEVELOPMENT_TEAM = 43LD5G2J6C;
				ENABLE_PREVIEWS = YES;
				GENERATE_INFOPLIST_FILE = YES;
				INFOPLIST_FILE = NarutoSigns/Info.plist;
				INFOPLIST_KEY_NSCameraUsageDescription = "NarutoSigns camera description.";
				INFOPLIST_KEY_UIApplicationSupportsIndirectInputEvents = YES;
				INFOPLIST_KEY_UILaunchScreen_Generation = YES;
				INFOPLIST_KEY_UISupportedInterfaceOrientations = "UIInterfaceOrientationLandscapeRight UIInterfaceOrientationLandscapeLeft";
				INFOPLIST_KEY_UISupportedInterfaceOrientations_iPad = "UIInterfaceOrientationPortrait UIInterfaceOrientationPortraitUpsideDown UIInterfaceOrientationLandscapeLeft UIInterfaceOrientationLandscapeRight";
				INFOPLIST_KEY_UISupportedInterfaceOrientations_iPhone = "UIInterfaceOrientationLandscapeLeft UIInterfaceOrientationLandscapeRight";
				LD_RUNPATH_SEARCH_PATHS = (
					"$(inherited)",
					"@executable_path/Frameworks",
				);
				MARKETING_VERSION = 1.0;
				PRODUCT_BUNDLE_IDENTIFIER = vitorjmoriya.NarutoSigns;
				PRODUCT_NAME = "$(TARGET_NAME)";
				SWIFT_EMIT_LOC_STRINGS = YES;
				SWIFT_VERSION = 5.0;
				TARGETED_DEVICE_FAMILY = "1,2";
			};
			name = Release;
		};
/* End XCBuildConfiguration section */

/* Begin XCConfigurationList section */
		5F2061CF289BE847006FD1A7 /* Build configuration list for PBXProject "NarutoSigns" */ = {
			isa = XCConfigurationList;
			buildConfigurations = (
				5F2061E0289BE84B006FD1A7 /* Debug */,
				5F2061E1289BE84B006FD1A7 /* Release */,
			);
			defaultConfigurationIsVisible = 0;
			defaultConfigurationName = Release;
		};
		5F2061E2289BE84B006FD1A7 /* Build configuration list for PBXNativeTarget "NarutoSigns" */ = {
			isa = XCConfigurationList;
			buildConfigurations = (
				5F2061E3289BE84B006FD1A7 /* Debug */,
				5F2061E4289BE84B006FD1A7 /* Release */,
			);
			defaultConfigurationIsVisible = 0;
			defaultConfigurationName = Release;
		};
/* End XCConfigurationList section */
	};
	rootObject = 5F2061CC289BE847006FD1A7 /* Project object */;
}
